
Microsoft Visual Studio Solution File, Format Version 12.00
# Visual Studio Version 16
VisualStudioVersion = 16.0.31624.102
MinimumVisualStudioVersion = 10.0.40219.1
Project("{FAE04EC0-301F-11D3-BF4B-00C04F79EFBC}") = "MealHisab.Web", "MealHisab\MealHisab.Web\MealHisab.Web.csproj", "{4390F5C8-4A14-4A8D-9775-48AB4FB71139}"
EndProject
Global
	GlobalSection(SolutionConfigurationPlatforms) = preSolution
		Debug|Any CPU = Debug|Any CPU
		Release|Any CPU = Release|Any CPU
	EndGlobalSection
	GlobalSection(ProjectConfigurationPlatforms) = postSolution
		{4390F5C8-4A14-4A8D-9775-48AB4FB71139}.Debug|Any CPU.ActiveCfg = Debug|Any CPU
		{4390F5C8-4A14-4A8D-9775-48AB4FB71139}.Debug|Any CPU.Build.0 = Debug|Any CPU
		{4390F5C8-4A14-4A8D-9775-48AB4FB71139}.Release|Any CPU.ActiveCfg = Release|Any CPU
		{4390F5C8-4A14-4A8D-9775-48AB4FB71139}.Release|Any CPU.Build.0 = Release|Any CPU
	EndGlobalSection
	GlobalSection(SolutionProperties) = preSolution
		HideSolutionNode = FALSE
	EndGlobalSection
	GlobalSection(ExtensibilityGlobals) = postSolution
		SolutionGuid = {19F34730-2867-49BC-B77C-F113A0013B4E}
	EndGlobalSection
EndGlobal
